// !$*UTF8*$!
{
	archiveVersion = 1;
	classes = {
	};
	objectVersion = 46;
	objects = {

/* Begin PBXBuildFile section */
		48276E911F362613000817F1 /* main.m in Sources */ = {isa = PBXBuildFile; fileRef = 48276E901F362613000817F1 /* main.m */; };
		48276E941F362613000817F1 /* AppDelegate.mm in Sources */ = {isa = PBXBuildFile; fileRef = 48276E931F362613000817F1 /* AppDelegate.mm */; };
		48276E9C1F362613000817F1 /* Assets.xcassets in Resources */ = {isa = PBXBuildFile; fileRef = 48276E9B1F362613000817F1 /* Assets.xcassets */; };
		48276E9F1F362613000817F1 /* LaunchScreen.storyboard in Resources */ = {isa = PBXBuildFile; fileRef = 48276E9D1F362613000817F1 /* LaunchScreen.storyboard */; };
		48276EAF1F3627EF000817F1 /* AppDelegate+Guide.m in Sources */ = {isa = PBXBuildFile; fileRef = 48276EAE1F3627EF000817F1 /* AppDelegate+Guide.m */; };
		48276EBA1F362868000817F1 /* BaseNavController.m in Sources */ = {isa = PBXBuildFile; fileRef = 48276EB21F362868000817F1 /* BaseNavController.m */; };
		48276EBB1F362868000817F1 /* BaseTarBarViewController.m in Sources */ = {isa = PBXBuildFile; fileRef = 48276EB41F362868000817F1 /* BaseTarBarViewController.m */; };
		48276EBC1F362868000817F1 /* BaseViewController.m in Sources */ = {isa = PBXBuildFile; fileRef = 48276EB61F362868000817F1 /* BaseViewController.m */; };
		48276EBD1F362868000817F1 /* BaseTarBar.m in Sources */ = {isa = PBXBuildFile; fileRef = 48276EB91F362868000817F1 /* BaseTarBar.m */; };
		48276ED91F3628AB000817F1 /* NSString+FBMD5.m in Sources */ = {isa = PBXBuildFile; fileRef = 48276EC01F3628AB000817F1 /* NSString+FBMD5.m */; };
		48276EDA1F3628AB000817F1 /* NSString+Helper.m in Sources */ = {isa = PBXBuildFile; fileRef = 48276EC21F3628AB000817F1 /* NSString+Helper.m */; };
		48276EDB1F3628AB000817F1 /* NSString+JSON.m in Sources */ = {isa = PBXBuildFile; fileRef = 48276EC41F3628AB000817F1 /* NSString+JSON.m */; };
		48276EDC1F3628AB000817F1 /* NSString+TimeDate.m in Sources */ = {isa = PBXBuildFile; fileRef = 48276EC61F3628AB000817F1 /* NSString+TimeDate.m */; };
		48276EDD1F3628AB000817F1 /* NSTimer+Addition.m in Sources */ = {isa = PBXBuildFile; fileRef = 48276EC81F3628AB000817F1 /* NSTimer+Addition.m */; };
		48276EDE1F3628AB000817F1 /* UIBarButtonItem+Helper.m in Sources */ = {isa = PBXBuildFile; fileRef = 48276ECA1F3628AB000817F1 /* UIBarButtonItem+Helper.m */; };
		48276EDF1F3628AB000817F1 /* UIColor+Extension.m in Sources */ = {isa = PBXBuildFile; fileRef = 48276ECC1F3628AB000817F1 /* UIColor+Extension.m */; };
		48276EE01F3628AB000817F1 /* UIImage+Helper.m in Sources */ = {isa = PBXBuildFile; fileRef = 48276ECE1F3628AB000817F1 /* UIImage+Helper.m */; };
		48276EE11F3628AB000817F1 /* UIImage+QRCode.m in Sources */ = {isa = PBXBuildFile; fileRef = 48276ED01F3628AB000817F1 /* UIImage+QRCode.m */; };
		48276EE21F3628AB000817F1 /* UIImageView+SDWedImage.m in Sources */ = {isa = PBXBuildFile; fileRef = 48276ED21F3628AB000817F1 /* UIImageView+SDWedImage.m */; };
		48276EE31F3628AB000817F1 /* UILable+Frame.m in Sources */ = {isa = PBXBuildFile; fileRef = 48276ED41F3628AB000817F1 /* UILable+Frame.m */; };
		48276EE41F3628AB000817F1 /* UIView+FSExtension.m in Sources */ = {isa = PBXBuildFile; fileRef = 48276ED61F3628AB000817F1 /* UIView+FSExtension.m */; };
		48276EE51F3628AB000817F1 /* UIView+Size.m in Sources */ = {isa = PBXBuildFile; fileRef = 48276ED81F3628AB000817F1 /* UIView+Size.m */; };
		48276EF81F36D5FD000817F1 /* UserModel.m in Sources */ = {isa = PBXBuildFile; fileRef = 48276EF71F36D5FD000817F1 /* UserModel.m */; };
		48276EFC1F36D6DF000817F1 /* Podfile in Resources */ = {isa = PBXBuildFile; fileRef = 48276EFB1F36D6DF000817F1 /* Podfile */; };
		48276F001F36E1A8000817F1 /* FinishiedViewController.m in Sources */ = {isa = PBXBuildFile; fileRef = 48276EFE1F36E1A8000817F1 /* FinishiedViewController.m */; };
		48276F011F36E1A8000817F1 /* FinishiedViewController.xib in Resources */ = {isa = PBXBuildFile; fileRef = 48276EFF1F36E1A8000817F1 /* FinishiedViewController.xib */; };
		48276F051F36E215000817F1 /* UnfinishiedViewController.m in Sources */ = {isa = PBXBuildFile; fileRef = 48276F031F36E215000817F1 /* UnfinishiedViewController.m */; };
		48276F061F36E215000817F1 /* UnfinishiedViewController.xib in Resources */ = {isa = PBXBuildFile; fileRef = 48276F041F36E215000817F1 /* UnfinishiedViewController.xib */; };
		C80AC8E5A89370A0A81C08B7 /* Pods_PrisonerFitnessRecord.framework in Frameworks */ = {isa = PBXBuildFile; fileRef = F43D3598C40C5C67198E984A /* Pods_PrisonerFitnessRecord.framework */; };
		F51D473F1FBD6C5000718399 /* CreatItemViewController.m in Sources */ = {isa = PBXBuildFile; fileRef = F51D473D1FBD6C5000718399 /* CreatItemViewController.m */; };
		F51D47401FBD6C5000718399 /* CreatItemViewController.xib in Resources */ = {isa = PBXBuildFile; fileRef = F51D473E1FBD6C5000718399 /* CreatItemViewController.xib */; };
		F51D47441FBD6FC000718399 /* NameTableViewCell.m in Sources */ = {isa = PBXBuildFile; fileRef = F51D47421FBD6FC000718399 /* NameTableViewCell.m */; };
		F51D47451FBD6FC000718399 /* NameTableViewCell.xib in Resources */ = {isa = PBXBuildFile; fileRef = F51D47431FBD6FC000718399 /* NameTableViewCell.xib */; };
		F51D474A1FBD75C400718399 /* CategoryTableViewCell.m in Sources */ = {isa = PBXBuildFile; fileRef = F51D47481FBD75C400718399 /* CategoryTableViewCell.m */; };
		F51D474B1FBD75C400718399 /* CategoryTableViewCell.xib in Resources */ = {isa = PBXBuildFile; fileRef = F51D47491FBD75C400718399 /* CategoryTableViewCell.xib */; };
		F51D474F1FBD7F7600718399 /* CategorySelectViewController.m in Sources */ = {isa = PBXBuildFile; fileRef = F51D474D1FBD7F7600718399 /* CategorySelectViewController.m */; };
		F51D47501FBD7F7600718399 /* CategorySelectViewController.xib in Resources */ = {isa = PBXBuildFile; fileRef = F51D474E1FBD7F7600718399 /* CategorySelectViewController.xib */; };
		F51D47541FBE7B7100718399 /* DifficultyCoefficienTableViewCell.m in Sources */ = {isa = PBXBuildFile; fileRef = F51D47521FBE7B7100718399 /* DifficultyCoefficienTableViewCell.m */; };
		F51D47551FBE7B7100718399 /* DifficultyCoefficienTableViewCell.xib in Resources */ = {isa = PBXBuildFile; fileRef = F51D47531FBE7B7100718399 /* DifficultyCoefficienTableViewCell.xib */; };
		F51D47591FBE817500718399 /* DifficultyCoefficienViewController.m in Sources */ = {isa = PBXBuildFile; fileRef = F51D47571FBE817500718399 /* DifficultyCoefficienViewController.m */; };
		F51D475A1FBE817500718399 /* DifficultyCoefficienViewController.xib in Resources */ = {isa = PBXBuildFile; fileRef = F51D47581FBE817500718399 /* DifficultyCoefficienViewController.xib */; };
		F53956C6200C5B9700E1E1FF /* TabataJiShiViewController.m in Sources */ = {isa = PBXBuildFile; fileRef = F53956C4200C5B9700E1E1FF /* TabataJiShiViewController.m */; };
		F53956C7200C5B9700E1E1FF /* TabataJiShiViewController.xib in Resources */ = {isa = PBXBuildFile; fileRef = F53956C5200C5B9700E1E1FF /* TabataJiShiViewController.xib */; };
		F53956CA200C802500E1E1FF /* ZRMultipleWaveLoadingView.m in Sources */ = {isa = PBXBuildFile; fileRef = F53956C8200C802500E1E1FF /* ZRMultipleWaveLoadingView.m */; };
		F53956CE200C808500E1E1FF /* ZRMultipleWavePathMaker.m in Sources */ = {isa = PBXBuildFile; fileRef = F53956CD200C808400E1E1FF /* ZRMultipleWavePathMaker.m */; };
		F53956D1200C80C800E1E1FF /* UIView+GKExtension.m in Sources */ = {isa = PBXBuildFile; fileRef = F53956D0200C80C800E1E1FF /* UIView+GKExtension.m */; };
		F53956D9200CBCEF00E1E1FF /* XiuXiView.m in Sources */ = {isa = PBXBuildFile; fileRef = F53956D8200CBCEF00E1E1FF /* XiuXiView.m */; };
		F53956DB200DDD7500E1E1FF /* CoreML.framework in Frameworks */ = {isa = PBXBuildFile; fileRef = F53956DA200DDD7500E1E1FF /* CoreML.framework */; };
		F53956EE200EEF8000E1E1FF /* CoreTelephony.framework in Frameworks */ = {isa = PBXBuildFile; fileRef = F53956ED200EEF8000E1E1FF /* CoreTelephony.framework */; };
		F53956F0200EEF8F00E1E1FF /* SystemConfiguration.framework in Frameworks */ = {isa = PBXBuildFile; fileRef = F53956EF200EEF8F00E1E1FF /* SystemConfiguration.framework */; };
		F53956F2200EEF9D00E1E1FF /* libz.tbd in Frameworks */ = {isa = PBXBuildFile; fileRef = F53956F1200EEF9D00E1E1FF /* libz.tbd */; };
		F53956F4200EEFAE00E1E1FF /* libsqlite3.tbd in Frameworks */ = {isa = PBXBuildFile; fileRef = F53956F3200EEFAE00E1E1FF /* libsqlite3.tbd */; };
		F5395717200EF2EB00E1E1FF /* libstdc++.6.0.9.tbd in Frameworks */ = {isa = PBXBuildFile; fileRef = F5395716200EF2EB00E1E1FF /* libstdc++.6.0.9.tbd */; };
		F56AAA682010765D00FD7207 /* ZiZhongViewController.m in Sources */ = {isa = PBXBuildFile; fileRef = F56AAA662010765D00FD7207 /* ZiZhongViewController.m */; };
		F56AAA692010765D00FD7207 /* ZiZhongViewController.xib in Resources */ = {isa = PBXBuildFile; fileRef = F56AAA672010765D00FD7207 /* ZiZhongViewController.xib */; };
		F56AAA6D201078A400FD7207 /* ZiZhongTableViewCell.m in Sources */ = {isa = PBXBuildFile; fileRef = F56AAA6B201078A400FD7207 /* ZiZhongTableViewCell.m */; };
		F56AAA6E201078A400FD7207 /* ZiZhongTableViewCell.xib in Resources */ = {isa = PBXBuildFile; fileRef = F56AAA6C201078A400FD7207 /* ZiZhongTableViewCell.xib */; };
		F5A15A861FFCAFD400E22C88 /* TargetMuscleTableViewCell.m in Sources */ = {isa = PBXBuildFile; fileRef = F5A15A851FFCAFD400E22C88 /* TargetMuscleTableViewCell.m */; };
		F5A15A8A1FFCBC9200E22C88 /* ActionShowViewController.m in Sources */ = {isa = PBXBuildFile; fileRef = F5A15A881FFCBC9200E22C88 /* ActionShowViewController.m */; };
		F5A15A8B1FFCBC9200E22C88 /* ActionShowViewController.xib in Resources */ = {isa = PBXBuildFile; fileRef = F5A15A891FFCBC9200E22C88 /* ActionShowViewController.xib */; };
		F5A15A8F1FFCC03B00E22C88 /* ActionShowTableViewCell.m in Sources */ = {isa = PBXBuildFile; fileRef = F5A15A8D1FFCC03B00E22C88 /* ActionShowTableViewCell.m */; };
		F5A15A901FFCC03B00E22C88 /* ActionShowTableViewCell.xib in Resources */ = {isa = PBXBuildFile; fileRef = F5A15A8E1FFCC03B00E22C88 /* ActionShowTableViewCell.xib */; };
		F5A15A971FFDC35000E22C88 /* QiXieXunLianJiRouViewController.m in Sources */ = {isa = PBXBuildFile; fileRef = F5A15A951FFDC35000E22C88 /* QiXieXunLianJiRouViewController.m */; };
		F5A15A981FFDC35000E22C88 /* QiXieXunLianJiRouViewController.xib in Resources */ = {isa = PBXBuildFile; fileRef = F5A15A961FFDC35000E22C88 /* QiXieXunLianJiRouViewController.xib */; };
		F5A15A9C1FFDDAC300E22C88 /* QiuTuActionShowViewController.m in Sources */ = {isa = PBXBuildFile; fileRef = F5A15A9A1FFDDAC300E22C88 /* QiuTuActionShowViewController.m */; };
		F5A15A9D1FFDDAC300E22C88 /* QiuTuActionShowViewController.xib in Resources */ = {isa = PBXBuildFile; fileRef = F5A15A9B1FFDDAC300E22C88 /* QiuTuActionShowViewController.xib */; };
		F5A15A9F1FFE0DEC00E22C88 /* MobileNet.mlmodel in Sources */ = {isa = PBXBuildFile; fileRef = F5A15A9E1FFE0DEC00E22C88 /* MobileNet.mlmodel */; };
		F5A15AA81FFE106800E22C88 /* ReLiangDuiZhaoViewController.m in Sources */ = {isa = PBXBuildFile; fileRef = F5A15AA61FFE106800E22C88 /* ReLiangDuiZhaoViewController.m */; };
		F5A15AA91FFE106800E22C88 /* ReLiangDuiZhaoViewController.xib in Resources */ = {isa = PBXBuildFile; fileRef = F5A15AA71FFE106800E22C88 /* ReLiangDuiZhaoViewController.xib */; };
		F5A15AAE1FFE27E400E22C88 /* JiHuaHeaderView.m in Sources */ = {isa = PBXBuildFile; fileRef = F5A15AAD1FFE27E400E22C88 /* JiHuaHeaderView.m */; };
		F5A15AB21FFE373800E22C88 /* FinishiedTableViewCell.m in Sources */ = {isa = PBXBuildFile; fileRef = F5A15AB01FFE373800E22C88 /* FinishiedTableViewCell.m */; };
		F5A15AB31FFE373800E22C88 /* FinishiedTableViewCell.xib in Resources */ = {isa = PBXBuildFile; fileRef = F5A15AB11FFE373800E22C88 /* FinishiedTableViewCell.xib */; };
		F5A15AB71FFF260E00E22C88 /* JiHuaCollectionViewCell.m in Sources */ = {isa = PBXBuildFile; fileRef = F5A15AB51FFF260E00E22C88 /* JiHuaCollectionViewCell.m */; };
		F5A15AB81FFF260E00E22C88 /* JiHuaCollectionViewCell.xib in Resources */ = {isa = PBXBuildFile; fileRef = F5A15AB61FFF260E00E22C88 /* JiHuaCollectionViewCell.xib */; };
		F5A15ABE1FFF6F0000E22C88 /* JiHuaModel.m in Sources */ = {isa = PBXBuildFile; fileRef = F5A15ABD1FFF6F0000E22C88 /* JiHuaModel.m */; };
		F5F280C01FBEB6CF0098B3B7 /* DateTableViewCell.m in Sources */ = {isa = PBXBuildFile; fileRef = F5F280BE1FBEB6CF0098B3B7 /* DateTableViewCell.m */; };
		F5F280C11FBEB6CF0098B3B7 /* DateTableViewCell.xib in Resources */ = {isa = PBXBuildFile; fileRef = F5F280BF1FBEB6CF0098B3B7 /* DateTableViewCell.xib */; };
		F5F280C51FBEB8470098B3B7 /* DateSelectViewController.m in Sources */ = {isa = PBXBuildFile; fileRef = F5F280C31FBEB8470098B3B7 /* DateSelectViewController.m */; };
		F5F280C61FBEB8470098B3B7 /* DateSelectViewController.xib in Resources */ = {isa = PBXBuildFile; fileRef = F5F280C41FBEB8470098B3B7 /* DateSelectViewController.xib */; };
/* End PBXBuildFile section */

/* Begin PBXFileReference section */
		0DBCD8EC553A78772C00983A /* Pods-PrisonerFitnessRecord.release.xcconfig */ = {isa = PBXFileReference; includeInIndex = 1; lastKnownFileType = text.xcconfig; name = "Pods-PrisonerFitnessRecord.release.xcconfig"; path = "Pods/Target Support Files/Pods-PrisonerFitnessRecord/Pods-PrisonerFitnessRecord.release.xcconfig"; sourceTree = "<group>"; };
		48276E8C1F362613000817F1 /* PrisonerFitnessRecord.app */ = {isa = PBXFileReference; explicitFileType = wrapper.application; includeInIndex = 0; path = PrisonerFitnessRecord.app; sourceTree = BUILT_PRODUCTS_DIR; };
		48276E901F362613000817F1 /* main.m */ = {isa = PBXFileReference; lastKnownFileType = sourcecode.c.objc; path = main.m; sourceTree = "<group>"; };
		48276E921F362613000817F1 /* AppDelegate.h */ = {isa = PBXFileReference; lastKnownFileType = sourcecode.c.h; name = AppDelegate.h; path = PrisonerFitnessRecord/AppDelegate.h; sourceTree = SOURCE_ROOT; };
		48276E931F362613000817F1 /* AppDelegate.mm */ = {isa = PBXFileReference; lastKnownFileType = sourcecode.cpp.objcpp; name = AppDelegate.mm; path = PrisonerFitnessRecord/AppDelegate.mm; sourceTree = SOURCE_ROOT; };
		48276E9B1F362613000817F1 /* Assets.xcassets */ = {isa = PBXFileReference; lastKnownFileType = folder.assetcatalog; name = Assets.xcassets; path = ../Assets.xcassets; sourceTree = "<group>"; };
		48276E9E1F362613000817F1 /* Base */ = {isa = PBXFileReference; lastKnownFileType = file.storyboard; name = Base; path = Base.lproj/LaunchScreen.storyboard; sourceTree = "<group>"; };
		48276EA01F362613000817F1 /* Info.plist */ = {isa = PBXFileReference; lastKnownFileType = text.plist.xml; name = Info.plist; path = ../Info.plist; sourceTree = "<group>"; };
		48276EAD1F3627EF000817F1 /* AppDelegate+Guide.h */ = {isa = PBXFileReference; fileEncoding = 4; lastKnownFileType = sourcecode.c.h; path = "AppDelegate+Guide.h"; sourceTree = "<group>"; };
		48276EAE1F3627EF000817F1 /* AppDelegate+Guide.m */ = {isa = PBXFileReference; fileEncoding = 4; lastKnownFileType = sourcecode.c.objc; path = "AppDelegate+Guide.m"; sourceTree = "<group>"; };
		48276EB11F362868000817F1 /* BaseNavController.h */ = {isa = PBXFileReference; fileEncoding = 4; lastKnownFileType = sourcecode.c.h; path = BaseNavController.h; sourceTree = "<group>"; };
		48276EB21F362868000817F1 /* BaseNavController.m */ = {isa = PBXFileReference; fileEncoding = 4; lastKnownFileType = sourcecode.c.objc; path = BaseNavController.m; sourceTree = "<group>"; };
		48276EB31F362868000817F1 /* BaseTarBarViewController.h */ = {isa = PBXFileReference; fileEncoding = 4; lastKnownFileType = sourcecode.c.h; path = BaseTarBarViewController.h; sourceTree = "<group>"; };
		48276EB41F362868000817F1 /* BaseTarBarViewController.m */ = {isa = PBXFileReference; fileEncoding = 4; lastKnownFileType = sourcecode.c.objc; path = BaseTarBarViewController.m; sourceTree = "<group>"; };
		48276EB51F362868000817F1 /* BaseViewController.h */ = {isa = PBXFileReference; fileEncoding = 4; lastKnownFileType = sourcecode.c.h; path = BaseViewController.h; sourceTree = "<group>"; };
		48276EB61F362868000817F1 /* BaseViewController.m */ = {isa = PBXFileReference; fileEncoding = 4; lastKnownFileType = sourcecode.c.objc; path = BaseViewController.m; sourceTree = "<group>"; };
		48276EB81F362868000817F1 /* BaseTarBar.h */ = {isa = PBXFileReference; fileEncoding = 4; lastKnownFileType = sourcecode.c.h; path = BaseTarBar.h; sourceTree = "<group>"; };
		48276EB91F362868000817F1 /* BaseTarBar.m */ = {isa = PBXFileReference; fileEncoding = 4; lastKnownFileType = sourcecode.c.objc; path = BaseTarBar.m; sourceTree = "<group>"; };
		48276EBF1F3628AB000817F1 /* NSString+FBMD5.h */ = {isa = PBXFileReference; fileEncoding = 4; lastKnownFileType = sourcecode.c.h; path = "NSString+FBMD5.h"; sourceTree = "<group>"; };
		48276EC01F3628AB000817F1 /* NSString+FBMD5.m */ = {isa = PBXFileReference; fileEncoding = 4; lastKnownFileType = sourcecode.c.objc; path = "NSString+FBMD5.m"; sourceTree = "<group>"; };
		48276EC11F3628AB000817F1 /* NSString+Helper.h */ = {isa = PBXFileReference; fileEncoding = 4; lastKnownFileType = sourcecode.c.h; path = "NSString+Helper.h"; sourceTree = "<group>"; };
		48276EC21F3628AB000817F1 /* NSString+Helper.m */ = {isa = PBXFileReference; fileEncoding = 4; lastKnownFileType = sourcecode.c.objc; path = "NSString+Helper.m"; sourceTree = "<group>"; };
		48276EC31F3628AB000817F1 /* NSString+JSON.h */ = {isa = PBXFileReference; fileEncoding = 4; lastKnownFileType = sourcecode.c.h; path = "NSString+JSON.h"; sourceTree = "<group>"; };
		48276EC41F3628AB000817F1 /* NSString+JSON.m */ = {isa = PBXFileReference; fileEncoding = 4; lastKnownFileType = sourcecode.c.objc; path = "NSString+JSON.m"; sourceTree = "<group>"; };
		48276EC51F3628AB000817F1 /* NSString+TimeDate.h */ = {isa = PBXFileReference; fileEncoding = 4; lastKnownFileType = sourcecode.c.h; path = "NSString+TimeDate.h"; sourceTree = "<group>"; };
		48276EC61F3628AB000817F1 /* NSString+TimeDate.m */ = {isa = PBXFileReference; fileEncoding = 4; lastKnownFileType = sourcecode.c.objc; path = "NSString+TimeDate.m"; sourceTree = "<group>"; };
		48276EC71F3628AB000817F1 /* NSTimer+Addition.h */ = {isa = PBXFileReference; fileEncoding = 4; lastKnownFileType = sourcecode.c.h; path = "NSTimer+Addition.h"; sourceTree = "<group>"; };
		48276EC81F3628AB000817F1 /* NSTimer+Addition.m */ = {isa = PBXFileReference; fileEncoding = 4; lastKnownFileType = sourcecode.c.objc; path = "NSTimer+Addition.m"; sourceTree = "<group>"; };
		48276EC91F3628AB000817F1 /* UIBarButtonItem+Helper.h */ = {isa = PBXFileReference; fileEncoding = 4; lastKnownFileType = sourcecode.c.h; path = "UIBarButtonItem+Helper.h"; sourceTree = "<group>"; };
		48276ECA1F3628AB000817F1 /* UIBarButtonItem+Helper.m */ = {isa = PBXFileReference; fileEncoding = 4; lastKnownFileType = sourcecode.c.objc; path = "UIBarButtonItem+Helper.m"; sourceTree = "<group>"; };
		48276ECB1F3628AB000817F1 /* UIColor+Extension.h */ = {isa = PBXFileReference; fileEncoding = 4; lastKnownFileType = sourcecode.c.h; path = "UIColor+Extension.h"; sourceTree = "<group>"; };
		48276ECC1F3628AB000817F1 /* UIColor+Extension.m */ = {isa = PBXFileReference; fileEncoding = 4; lastKnownFileType = sourcecode.c.objc; path = "UIColor+Extension.m"; sourceTree = "<group>"; };
		48276ECD1F3628AB000817F1 /* UIImage+Helper.h */ = {isa = PBXFileReference; fileEncoding = 4; lastKnownFileType = sourcecode.c.h; path = "UIImage+Helper.h"; sourceTree = "<group>"; };
		48276ECE1F3628AB000817F1 /* UIImage+Helper.m */ = {isa = PBXFileReference; fileEncoding = 4; lastKnownFileType = sourcecode.c.objc; path = "UIImage+Helper.m"; sourceTree = "<group>"; };
		48276ECF1F3628AB000817F1 /* UIImage+QRCode.h */ = {isa = PBXFileReference; fileEncoding = 4; lastKnownFileType = sourcecode.c.h; path = "UIImage+QRCode.h"; sourceTree = "<group>"; };
		48276ED01F3628AB000817F1 /* UIImage+QRCode.m */ = {isa = PBXFileReference; fileEncoding = 4; lastKnownFileType = sourcecode.c.objc; path = "UIImage+QRCode.m"; sourceTree = "<group>"; };
		48276ED11F3628AB000817F1 /* UIImageView+SDWedImage.h */ = {isa = PBXFileReference; fileEncoding = 4; lastKnownFileType = sourcecode.c.h; path = "UIImageView+SDWedImage.h"; sourceTree = "<group>"; };
		48276ED21F3628AB000817F1 /* UIImageView+SDWedImage.m */ = {isa = PBXFileReference; fileEncoding = 4; lastKnownFileType = sourcecode.c.objc; path = "UIImageView+SDWedImage.m"; sourceTree = "<group>"; };
		48276ED31F3628AB000817F1 /* UILable+Frame.h */ = {isa = PBXFileReference; fileEncoding = 4; lastKnownFileType = sourcecode.c.h; path = "UILable+Frame.h"; sourceTree = "<group>"; };
		48276ED41F3628AB000817F1 /* UILable+Frame.m */ = {isa = PBXFileReference; fileEncoding = 4; lastKnownFileType = sourcecode.c.objc; path = "UILable+Frame.m"; sourceTree = "<group>"; };
		48276ED51F3628AB000817F1 /* UIView+FSExtension.h */ = {isa = PBXFileReference; fileEncoding = 4; lastKnownFileType = sourcecode.c.h; path = "UIView+FSExtension.h"; sourceTree = "<group>"; };
		48276ED61F3628AB000817F1 /* UIView+FSExtension.m */ = {isa = PBXFileReference; fileEncoding = 4; lastKnownFileType = sourcecode.c.objc; path = "UIView+FSExtension.m"; sourceTree = "<group>"; };
		48276ED71F3628AB000817F1 /* UIView+Size.h */ = {isa = PBXFileReference; fileEncoding = 4; lastKnownFileType = sourcecode.c.h; path = "UIView+Size.h"; sourceTree = "<group>"; };
		48276ED81F3628AB000817F1 /* UIView+Size.m */ = {isa = PBXFileReference; fileEncoding = 4; lastKnownFileType = sourcecode.c.objc; path = "UIView+Size.m"; sourceTree = "<group>"; };
		48276EE61F36D460000817F1 /* OtherMacro.h */ = {isa = PBXFileReference; fileEncoding = 4; lastKnownFileType = sourcecode.c.h; path = OtherMacro.h; sourceTree = "<group>"; };
		48276EF61F36D5FD000817F1 /* UserModel.h */ = {isa = PBXFileReference; fileEncoding = 4; lastKnownFileType = sourcecode.c.h; path = UserModel.h; sourceTree = "<group>"; };
		48276EF71F36D5FD000817F1 /* UserModel.m */ = {isa = PBXFileReference; fileEncoding = 4; lastKnownFileType = sourcecode.c.objc; path = UserModel.m; sourceTree = "<group>"; };
		48276EFB1F36D6DF000817F1 /* Podfile */ = {isa = PBXFileReference; fileEncoding = 4; lastKnownFileType = text; path = Podfile; sourceTree = "<group>"; xcLanguageSpecificationIdentifier = xcode.lang.ruby; };
		48276EFD1F36E1A8000817F1 /* FinishiedViewController.h */ = {isa = PBXFileReference; fileEncoding = 4; lastKnownFileType = sourcecode.c.h; path = FinishiedViewController.h; sourceTree = "<group>"; };
		48276EFE1F36E1A8000817F1 /* FinishiedViewController.m */ = {isa = PBXFileReference; fileEncoding = 4; lastKnownFileType = sourcecode.c.objc; path = FinishiedViewController.m; sourceTree = "<group>"; };
		48276EFF1F36E1A8000817F1 /* FinishiedViewController.xib */ = {isa = PBXFileReference; fileEncoding = 4; lastKnownFileType = file.xib; path = FinishiedViewController.xib; sourceTree = "<group>"; };
		48276F021F36E215000817F1 /* UnfinishiedViewController.h */ = {isa = PBXFileReference; fileEncoding = 4; lastKnownFileType = sourcecode.c.h; path = UnfinishiedViewController.h; sourceTree = "<group>"; };
		48276F031F36E215000817F1 /* UnfinishiedViewController.m */ = {isa = PBXFileReference; fileEncoding = 4; lastKnownFileType = sourcecode.c.objc; path = UnfinishiedViewController.m; sourceTree = "<group>"; };
		48276F041F36E215000817F1 /* UnfinishiedViewController.xib */ = {isa = PBXFileReference; fileEncoding = 4; lastKnownFileType = file.xib; path = UnfinishiedViewController.xib; sourceTree = "<group>"; };
		A8AF3FEC0C848404A18BC4B5 /* Pods-PrisonerFitnessRecord.debug.xcconfig */ = {isa = PBXFileReference; includeInIndex = 1; lastKnownFileType = text.xcconfig; name = "Pods-PrisonerFitnessRecord.debug.xcconfig"; path = "Pods/Target Support Files/Pods-PrisonerFitnessRecord/Pods-PrisonerFitnessRecord.debug.xcconfig"; sourceTree = "<group>"; };
		F43D3598C40C5C67198E984A /* Pods_PrisonerFitnessRecord.framework */ = {isa = PBXFileReference; explicitFileType = wrapper.framework; includeInIndex = 0; path = Pods_PrisonerFitnessRecord.framework; sourceTree = BUILT_PRODUCTS_DIR; };
		F51D473C1FBD6C5000718399 /* CreatItemViewController.h */ = {isa = PBXFileReference; lastKnownFileType = sourcecode.c.h; path = CreatItemViewController.h; sourceTree = "<group>"; };
		F51D473D1FBD6C5000718399 /* CreatItemViewController.m */ = {isa = PBXFileReference; lastKnownFileType = sourcecode.c.objc; path = CreatItemViewController.m; sourceTree = "<group>"; };
		F51D473E1FBD6C5000718399 /* CreatItemViewController.xib */ = {isa = PBXFileReference; lastKnownFileType = file.xib; path = CreatItemViewController.xib; sourceTree = "<group>"; };
		F51D47411FBD6FC000718399 /* NameTableViewCell.h */ = {isa = PBXFileReference; lastKnownFileType = sourcecode.c.h; path = NameTableViewCell.h; sourceTree = "<group>"; };
		F51D47421FBD6FC000718399 /* NameTableViewCell.m */ = {isa = PBXFileReference; lastKnownFileType = sourcecode.c.objc; path = NameTableViewCell.m; sourceTree = "<group>"; };
		F51D47431FBD6FC000718399 /* NameTableViewCell.xib */ = {isa = PBXFileReference; lastKnownFileType = file.xib; path = NameTableViewCell.xib; sourceTree = "<group>"; };
		F51D47471FBD75C400718399 /* CategoryTableViewCell.h */ = {isa = PBXFileReference; lastKnownFileType = sourcecode.c.h; path = CategoryTableViewCell.h; sourceTree = "<group>"; };
		F51D47481FBD75C400718399 /* CategoryTableViewCell.m */ = {isa = PBXFileReference; lastKnownFileType = sourcecode.c.objc; path = CategoryTableViewCell.m; sourceTree = "<group>"; };
		F51D47491FBD75C400718399 /* CategoryTableViewCell.xib */ = {isa = PBXFileReference; lastKnownFileType = file.xib; path = CategoryTableViewCell.xib; sourceTree = "<group>"; };
		F51D474C1FBD7F7600718399 /* CategorySelectViewController.h */ = {isa = PBXFileReference; lastKnownFileType = sourcecode.c.h; path = CategorySelectViewController.h; sourceTree = "<group>"; };
		F51D474D1FBD7F7600718399 /* CategorySelectViewController.m */ = {isa = PBXFileReference; lastKnownFileType = sourcecode.c.objc; path = CategorySelectViewController.m; sourceTree = "<group>"; };
		F51D474E1FBD7F7600718399 /* CategorySelectViewController.xib */ = {isa = PBXFileReference; lastKnownFileType = file.xib; path = CategorySelectViewController.xib; sourceTree = "<group>"; };
		F51D47511FBE7B7100718399 /* DifficultyCoefficienTableViewCell.h */ = {isa = PBXFileReference; lastKnownFileType = sourcecode.c.h; path = DifficultyCoefficienTableViewCell.h; sourceTree = "<group>"; };
		F51D47521FBE7B7100718399 /* DifficultyCoefficienTableViewCell.m */ = {isa = PBXFileReference; lastKnownFileType = sourcecode.c.objc; path = DifficultyCoefficienTableViewCell.m; sourceTree = "<group>"; };
		F51D47531FBE7B7100718399 /* DifficultyCoefficienTableViewCell.xib */ = {isa = PBXFileReference; lastKnownFileType = file.xib; path = DifficultyCoefficienTableViewCell.xib; sourceTree = "<group>"; };
		F51D47561FBE817500718399 /* DifficultyCoefficienViewController.h */ = {isa = PBXFileReference; lastKnownFileType = sourcecode.c.h; path = DifficultyCoefficienViewController.h; sourceTree = "<group>"; };
		F51D47571FBE817500718399 /* DifficultyCoefficienViewController.m */ = {isa = PBXFileReference; lastKnownFileType = sourcecode.c.objc; path = DifficultyCoefficienViewController.m; sourceTree = "<group>"; };
		F51D47581FBE817500718399 /* DifficultyCoefficienViewController.xib */ = {isa = PBXFileReference; lastKnownFileType = file.xib; path = DifficultyCoefficienViewController.xib; sourceTree = "<group>"; };
		F53956C3200C5B9700E1E1FF /* TabataJiShiViewController.h */ = {isa = PBXFileReference; lastKnownFileType = sourcecode.c.h; path = TabataJiShiViewController.h; sourceTree = "<group>"; };
		F53956C4200C5B9700E1E1FF /* TabataJiShiViewController.m */ = {isa = PBXFileReference; lastKnownFileType = sourcecode.c.objc; path = TabataJiShiViewController.m; sourceTree = "<group>"; };
		F53956C5200C5B9700E1E1FF /* TabataJiShiViewController.xib */ = {isa = PBXFileReference; lastKnownFileType = file.xib; path = TabataJiShiViewController.xib; sourceTree = "<group>"; };
		F53956C8200C802500E1E1FF /* ZRMultipleWaveLoadingView.m */ = {isa = PBXFileReference; fileEncoding = 4; lastKnownFileType = sourcecode.c.objc; path = ZRMultipleWaveLoadingView.m; sourceTree = "<group>"; };
		F53956C9200C802500E1E1FF /* ZRMultipleWaveLoadingView.h */ = {isa = PBXFileReference; fileEncoding = 4; lastKnownFileType = sourcecode.c.h; path = ZRMultipleWaveLoadingView.h; sourceTree = "<group>"; };
		F53956CC200C808400E1E1FF /* ZRMultipleWavePathMaker.h */ = {isa = PBXFileReference; fileEncoding = 4; lastKnownFileType = sourcecode.c.h; path = ZRMultipleWavePathMaker.h; sourceTree = "<group>"; };
		F53956CD200C808400E1E1FF /* ZRMultipleWavePathMaker.m */ = {isa = PBXFileReference; fileEncoding = 4; lastKnownFileType = sourcecode.c.objc; path = ZRMultipleWavePathMaker.m; sourceTree = "<group>"; };
		F53956CF200C80C700E1E1FF /* UIView+GKExtension.h */ = {isa = PBXFileReference; fileEncoding = 4; lastKnownFileType = sourcecode.c.h; path = "UIView+GKExtension.h"; sourceTree = "<group>"; };
		F53956D0200C80C800E1E1FF /* UIView+GKExtension.m */ = {isa = PBXFileReference; fileEncoding = 4; lastKnownFileType = sourcecode.c.objc; path = "UIView+GKExtension.m"; sourceTree = "<group>"; };
		F53956D7200CBCEF00E1E1FF /* XiuXiView.h */ = {isa = PBXFileReference; lastKnownFileType = sourcecode.c.h; path = XiuXiView.h; sourceTree = "<group>"; };
		F53956D8200CBCEF00E1E1FF /* XiuXiView.m */ = {isa = PBXFileReference; lastKnownFileType = sourcecode.c.objc; path = XiuXiView.m; sourceTree = "<group>"; };
		F53956DA200DDD7500E1E1FF /* CoreML.framework */ = {isa = PBXFileReference; lastKnownFileType = wrapper.framework; name = CoreML.framework; path = System/Library/Frameworks/CoreML.framework; sourceTree = SDKROOT; };
		F53956EB200EEF4800E1E1FF /* AdSupport.framework */ = {isa = PBXFileReference; lastKnownFileType = wrapper.framework; name = AdSupport.framework; path = System/Library/Frameworks/AdSupport.framework; sourceTree = SDKROOT; };
		F53956ED200EEF8000E1E1FF /* CoreTelephony.framework */ = {isa = PBXFileReference; lastKnownFileType = wrapper.framework; name = CoreTelephony.framework; path = System/Library/Frameworks/CoreTelephony.framework; sourceTree = SDKROOT; };
		F53956EF200EEF8F00E1E1FF /* SystemConfiguration.framework */ = {isa = PBXFileReference; lastKnownFileType = wrapper.framework; name = SystemConfiguration.framework; path = System/Library/Frameworks/SystemConfiguration.framework; sourceTree = SDKROOT; };
		F53956F1200EEF9D00E1E1FF /* libz.tbd */ = {isa = PBXFileReference; lastKnownFileType = "sourcecode.text-based-dylib-definition"; name = libz.tbd; path = usr/lib/libz.tbd; sourceTree = SDKROOT; };
		F53956F3200EEFAE00E1E1FF /* libsqlite3.tbd */ = {isa = PBXFileReference; lastKnownFileType = "sourcecode.text-based-dylib-definition"; name = libsqlite3.tbd; path = usr/lib/libsqlite3.tbd; sourceTree = SDKROOT; };
		F5395716200EF2EB00E1E1FF /* libstdc++.6.0.9.tbd */ = {isa = PBXFileReference; lastKnownFileType = "sourcecode.text-based-dylib-definition"; name = "libstdc++.6.0.9.tbd"; path = "usr/lib/libstdc++.6.0.9.tbd"; sourceTree = SDKROOT; };
		F56AAA652010765D00FD7207 /* ZiZhongViewController.h */ = {isa = PBXFileReference; lastKnownFileType = sourcecode.c.h; path = ZiZhongViewController.h; sourceTree = "<group>"; };
		F56AAA662010765D00FD7207 /* ZiZhongViewController.m */ = {isa = PBXFileReference; lastKnownFileType = sourcecode.c.objc; path = ZiZhongViewController.m; sourceTree = "<group>"; };
		F56AAA672010765D00FD7207 /* ZiZhongViewController.xib */ = {isa = PBXFileReference; lastKnownFileType = file.xib; path = ZiZhongViewController.xib; sourceTree = "<group>"; };
		F56AAA6A201078A400FD7207 /* ZiZhongTableViewCell.h */ = {isa = PBXFileReference; lastKnownFileType = sourcecode.c.h; path = ZiZhongTableViewCell.h; sourceTree = "<group>"; };
		F56AAA6B201078A400FD7207 /* ZiZhongTableViewCell.m */ = {isa = PBXFileReference; lastKnownFileType = sourcecode.c.objc; path = ZiZhongTableViewCell.m; sourceTree = "<group>"; };
		F56AAA6C201078A400FD7207 /* ZiZhongTableViewCell.xib */ = {isa = PBXFileReference; lastKnownFileType = file.xib; path = ZiZhongTableViewCell.xib; sourceTree = "<group>"; };
		F5A15A841FFCAFD400E22C88 /* TargetMuscleTableViewCell.h */ = {isa = PBXFileReference; lastKnownFileType = sourcecode.c.h; path = TargetMuscleTableViewCell.h; sourceTree = "<group>"; };
		F5A15A851FFCAFD400E22C88 /* TargetMuscleTableViewCell.m */ = {isa = PBXFileReference; lastKnownFileType = sourcecode.c.objc; path = TargetMuscleTableViewCell.m; sourceTree = "<group>"; };
		F5A15A871FFCBC9200E22C88 /* ActionShowViewController.h */ = {isa = PBXFileReference; lastKnownFileType = sourcecode.c.h; path = ActionShowViewController.h; sourceTree = "<group>"; };
		F5A15A881FFCBC9200E22C88 /* ActionShowViewController.m */ = {isa = PBXFileReference; lastKnownFileType = sourcecode.c.objc; path = ActionShowViewController.m; sourceTree = "<group>"; };
		F5A15A891FFCBC9200E22C88 /* ActionShowViewController.xib */ = {isa = PBXFileReference; lastKnownFileType = file.xib; path = ActionShowViewController.xib; sourceTree = "<group>"; };
		F5A15A8C1FFCC03B00E22C88 /* ActionShowTableViewCell.h */ = {isa = PBXFileReference; lastKnownFileType = sourcecode.c.h; path = ActionShowTableViewCell.h; sourceTree = "<group>"; };
		F5A15A8D1FFCC03B00E22C88 /* ActionShowTableViewCell.m */ = {isa = PBXFileReference; lastKnownFileType = sourcecode.c.objc; path = ActionShowTableViewCell.m; sourceTree = "<group>"; };
		F5A15A8E1FFCC03B00E22C88 /* ActionShowTableViewCell.xib */ = {isa = PBXFileReference; lastKnownFileType = file.xib; path = ActionShowTableViewCell.xib; sourceTree = "<group>"; };
		F5A15A941FFDC35000E22C88 /* QiXieXunLianJiRouViewController.h */ = {isa = PBXFileReference; lastKnownFileType = sourcecode.c.h; path = QiXieXunLianJiRouViewController.h; sourceTree = "<group>"; };
		F5A15A951FFDC35000E22C88 /* QiXieXunLianJiRouViewController.m */ = {isa = PBXFileReference; lastKnownFileType = sourcecode.c.objc; path = QiXieXunLianJiRouViewController.m; sourceTree = "<group>"; };
		F5A15A961FFDC35000E22C88 /* QiXieXunLianJiRouViewController.xib */ = {isa = PBXFileReference; lastKnownFileType = file.xib; path = QiXieXunLianJiRouViewController.xib; sourceTree = "<group>"; };
		F5A15A991FFDDAC300E22C88 /* QiuTuActionShowViewController.h */ = {isa = PBXFileReference; lastKnownFileType = sourcecode.c.h; path = QiuTuActionShowViewController.h; sourceTree = "<group>"; };
		F5A15A9A1FFDDAC300E22C88 /* QiuTuActionShowViewController.m */ = {isa = PBXFileReference; lastKnownFileType = sourcecode.c.objc; path = QiuTuActionShowViewController.m; sourceTree = "<group>"; };
		F5A15A9B1FFDDAC300E22C88 /* QiuTuActionShowViewController.xib */ = {isa = PBXFileReference; lastKnownFileType = file.xib; path = QiuTuActionShowViewController.xib; sourceTree = "<group>"; };
		F5A15A9E1FFE0DEC00E22C88 /* MobileNet.mlmodel */ = {isa = PBXFileReference; lastKnownFileType = file.mlmodel; path = MobileNet.mlmodel; sourceTree = "<group>"; };
		F5A15AA51FFE106800E22C88 /* ReLiangDuiZhaoViewController.h */ = {isa = PBXFileReference; lastKnownFileType = sourcecode.c.h; path = ReLiangDuiZhaoViewController.h; sourceTree = "<group>"; };
		F5A15AA61FFE106800E22C88 /* ReLiangDuiZhaoViewController.m */ = {isa = PBXFileReference; lastKnownFileType = sourcecode.c.objc; path = ReLiangDuiZhaoViewController.m; sourceTree = "<group>"; };
		F5A15AA71FFE106800E22C88 /* ReLiangDuiZhaoViewController.xib */ = {isa = PBXFileReference; lastKnownFileType = file.xib; path = ReLiangDuiZhaoViewController.xib; sourceTree = "<group>"; };
		F5A15AAC1FFE27E400E22C88 /* JiHuaHeaderView.h */ = {isa = PBXFileReference; lastKnownFileType = sourcecode.c.h; path = JiHuaHeaderView.h; sourceTree = "<group>"; };
		F5A15AAD1FFE27E400E22C88 /* JiHuaHeaderView.m */ = {isa = PBXFileReference; lastKnownFileType = sourcecode.c.objc; path = JiHuaHeaderView.m; sourceTree = "<group>"; };
		F5A15AAF1FFE373800E22C88 /* FinishiedTableViewCell.h */ = {isa = PBXFileReference; lastKnownFileType = sourcecode.c.h; path = FinishiedTableViewCell.h; sourceTree = "<group>"; };
		F5A15AB01FFE373800E22C88 /* FinishiedTableViewCell.m */ = {isa = PBXFileReference; lastKnownFileType = sourcecode.c.objc; path = FinishiedTableViewCell.m; sourceTree = "<group>"; };
		F5A15AB11FFE373800E22C88 /* FinishiedTableViewCell.xib */ = {isa = PBXFileReference; lastKnownFileType = file.xib; path = FinishiedTableViewCell.xib; sourceTree = "<group>"; };
		F5A15AB41FFF260E00E22C88 /* JiHuaCollectionViewCell.h */ = {isa = PBXFileReference; lastKnownFileType = sourcecode.c.h; path = JiHuaCollectionViewCell.h; sourceTree = "<group>"; };
		F5A15AB51FFF260E00E22C88 /* JiHuaCollectionViewCell.m */ = {isa = PBXFileReference; lastKnownFileType = sourcecode.c.objc; path = JiHuaCollectionViewCell.m; sourceTree = "<group>"; };
		F5A15AB61FFF260E00E22C88 /* JiHuaCollectionViewCell.xib */ = {isa = PBXFileReference; lastKnownFileType = file.xib; path = JiHuaCollectionViewCell.xib; sourceTree = "<group>"; };
		F5A15ABC1FFF6F0000E22C88 /* JiHuaModel.h */ = {isa = PBXFileReference; lastKnownFileType = sourcecode.c.h; path = JiHuaModel.h; sourceTree = "<group>"; };
		F5A15ABD1FFF6F0000E22C88 /* JiHuaModel.m */ = {isa = PBXFileReference; lastKnownFileType = sourcecode.c.objc; path = JiHuaModel.m; sourceTree = "<group>"; };
		F5F280BD1FBEB6CF0098B3B7 /* DateTableViewCell.h */ = {isa = PBXFileReference; lastKnownFileType = sourcecode.c.h; path = DateTableViewCell.h; sourceTree = "<group>"; };
		F5F280BE1FBEB6CF0098B3B7 /* DateTableViewCell.m */ = {isa = PBXFileReference; lastKnownFileType = sourcecode.c.objc; path = DateTableViewCell.m; sourceTree = "<group>"; };
		F5F280BF1FBEB6CF0098B3B7 /* DateTableViewCell.xib */ = {isa = PBXFileReference; lastKnownFileType = file.xib; path = DateTableViewCell.xib; sourceTree = "<group>"; };
		F5F280C21FBEB8470098B3B7 /* DateSelectViewController.h */ = {isa = PBXFileReference; lastKnownFileType = sourcecode.c.h; path = DateSelectViewController.h; sourceTree = "<group>"; };
		F5F280C31FBEB8470098B3B7 /* DateSelectViewController.m */ = {isa = PBXFileReference; lastKnownFileType = sourcecode.c.objc; path = DateSelectViewController.m; sourceTree = "<group>"; };
		F5F280C41FBEB8470098B3B7 /* DateSelectViewController.xib */ = {isa = PBXFileReference; lastKnownFileType = file.xib; path = DateSelectViewController.xib; sourceTree = "<group>"; };
/* End PBXFileReference section */

/* Begin PBXFrameworksBuildPhase section */
		48276E891F362613000817F1 /* Frameworks */ = {
			isa = PBXFrameworksBuildPhase;
			buildActionMask = 2147483647;
			files = (
				F5395717200EF2EB00E1E1FF /* libstdc++.6.0.9.tbd in Frameworks */,
				F53956F4200EEFAE00E1E1FF /* libsqlite3.tbd in Frameworks */,
				F53956F2200EEF9D00E1E1FF /* libz.tbd in Frameworks */,
				F53956F0200EEF8F00E1E1FF /* SystemConfiguration.framework in Frameworks */,
				F53956EE200EEF8000E1E1FF /* CoreTelephony.framework in Frameworks */,
				F53956DB200DDD7500E1E1FF /* CoreML.framework in Frameworks */,
				C80AC8E5A89370A0A81C08B7 /* Pods_PrisonerFitnessRecord.framework in Frameworks */,
			);
			runOnlyForDeploymentPostprocessing = 0;
		};
/* End PBXFrameworksBuildPhase section */

/* Begin PBXGroup section */
		3EAFB2C83A0B4740B0640C86 /* Frameworks */ = {
			isa = PBXGroup;
			children = (
				F5395716200EF2EB00E1E1FF /* libstdc++.6.0.9.tbd */,
				F53956F3200EEFAE00E1E1FF /* libsqlite3.tbd */,
				F53956F1200EEF9D00E1E1FF /* libz.tbd */,
				F53956EF200EEF8F00E1E1FF /* SystemConfiguration.framework */,
				F53956ED200EEF8000E1E1FF /* CoreTelephony.framework */,
				F53956EB200EEF4800E1E1FF /* AdSupport.framework */,
				F53956DA200DDD7500E1E1FF /* CoreML.framework */,
				F43D3598C40C5C67198E984A /* Pods_PrisonerFitnessRecord.framework */,
			);
			name = Frameworks;
			sourceTree = "<group>";
		};
		48276E831F362613000817F1 = {
			isa = PBXGroup;
			children = (
				48276EFB1F36D6DF000817F1 /* Podfile */,
				48276E8E1F362613000817F1 /* PrisonerFitnessRecord */,
				48276E8D1F362613000817F1 /* Products */,
				F6778ED8544E24D261B94B40 /* Pods */,
				3EAFB2C83A0B4740B0640C86 /* Frameworks */,
			);
			sourceTree = "<group>";
		};
		48276E8D1F362613000817F1 /* Products */ = {
			isa = PBXGroup;
			children = (
				48276E8C1F362613000817F1 /* PrisonerFitnessRecord.app */,
			);
			name = Products;
			sourceTree = "<group>";
		};
		48276E8E1F362613000817F1 /* PrisonerFitnessRecord */ = {
			isa = PBXGroup;
			children = (
				F53956DE200EEE4E00E1E1FF /* ThirdPart */,
				48276EA71F36276D000817F1 /* AppDelegate */,
				48276EA81F36276D000817F1 /* Base */,
				48276EA91F36276D000817F1 /* Expand */,
				48276EAA1F36276D000817F1 /* Modules */,
				48276EAB1F36276D000817F1 /* Resource */,
				48276E8F1F362613000817F1 /* Supporting Files */,
			);
			path = PrisonerFitnessRecord;
			sourceTree = "<group>";
		};
		48276E8F1F362613000817F1 /* Supporting Files */ = {
			isa = PBXGroup;
			children = (
				48276E901F362613000817F1 /* main.m */,
			);
			name = "Supporting Files";
			sourceTree = "<group>";
		};
		48276EA71F36276D000817F1 /* AppDelegate */ = {
			isa = PBXGroup;
			children = (
				48276EAD1F3627EF000817F1 /* AppDelegate+Guide.h */,
				48276EAE1F3627EF000817F1 /* AppDelegate+Guide.m */,
				48276E921F362613000817F1 /* AppDelegate.h */,
				48276E931F362613000817F1 /* AppDelegate.mm */,
			);
			path = AppDelegate;
			sourceTree = "<group>";
		};
		48276EA81F36276D000817F1 /* Base */ = {
			isa = PBXGroup;
			children = (
				48276EF51F36D5D1000817F1 /* M */,
				48276EB01F362868000817F1 /* Controller */,
				48276EB71F362868000817F1 /* View */,
			);
			path = Base;
			sourceTree = "<group>";
		};
		48276EA91F36276D000817F1 /* Expand */ = {
			isa = PBXGroup;
			children = (
				48276EE61F36D460000817F1 /* OtherMacro.h */,
				48276EBE1F3628AB000817F1 /* Tool */,
			);
			path = Expand;
			sourceTree = "<group>";
		};
		48276EAA1F36276D000817F1 /* Modules */ = {
			isa = PBXGroup;
			children = (
				48276EE71F36D511000817F1 /* Finished */,
				48276EE81F36D511000817F1 /* Unfinished */,
			);
			path = Modules;
			sourceTree = "<group>";
		};
		48276EAB1F36276D000817F1 /* Resource */ = {
			isa = PBXGroup;
			children = (
				F5A15A9E1FFE0DEC00E22C88 /* MobileNet.mlmodel */,
				48276E9B1F362613000817F1 /* Assets.xcassets */,
				48276E9D1F362613000817F1 /* LaunchScreen.storyboard */,
				48276EA01F362613000817F1 /* Info.plist */,
			);
			path = Resource;
			sourceTree = "<group>";
		};
		48276EB01F362868000817F1 /* Controller */ = {
			isa = PBXGroup;
			children = (
				48276EB11F362868000817F1 /* BaseNavController.h */,
				48276EB21F362868000817F1 /* BaseNavController.m */,
				48276EB31F362868000817F1 /* BaseTarBarViewController.h */,
				48276EB41F362868000817F1 /* BaseTarBarViewController.m */,
				48276EB51F362868000817F1 /* BaseViewController.h */,
				48276EB61F362868000817F1 /* BaseViewController.m */,
			);
			path = Controller;
			sourceTree = "<group>";
		};
		48276EB71F362868000817F1 /* View */ = {
			isa = PBXGroup;
			children = (
				48276EB81F362868000817F1 /* BaseTarBar.h */,
				48276EB91F362868000817F1 /* BaseTarBar.m */,
			);
			path = View;
			sourceTree = "<group>";
		};
		48276EBE1F3628AB000817F1 /* Tool */ = {
			isa = PBXGroup;
			children = (
				F53956CF200C80C700E1E1FF /* UIView+GKExtension.h */,
				F53956D0200C80C800E1E1FF /* UIView+GKExtension.m */,
				48276EBF1F3628AB000817F1 /* NSString+FBMD5.h */,
				48276EC01F3628AB000817F1 /* NSString+FBMD5.m */,
				48276EC11F3628AB000817F1 /* NSString+Helper.h */,
				48276EC21F3628AB000817F1 /* NSString+Helper.m */,
				48276EC31F3628AB000817F1 /* NSString+JSON.h */,
				48276EC41F3628AB000817F1 /* NSString+JSON.m */,
				48276EC51F3628AB000817F1 /* NSString+TimeDate.h */,
				48276EC61F3628AB000817F1 /* NSString+TimeDate.m */,
				48276EC71F3628AB000817F1 /* NSTimer+Addition.h */,
				48276EC81F3628AB000817F1 /* NSTimer+Addition.m */,
				48276EC91F3628AB000817F1 /* UIBarButtonItem+Helper.h */,
				48276ECA1F3628AB000817F1 /* UIBarButtonItem+Helper.m */,
				48276ECB1F3628AB000817F1 /* UIColor+Extension.h */,
				48276ECC1F3628AB000817F1 /* UIColor+Extension.m */,
				48276ECD1F3628AB000817F1 /* UIImage+Helper.h */,
				48276ECE1F3628AB000817F1 /* UIImage+Helper.m */,
				48276ECF1F3628AB000817F1 /* UIImage+QRCode.h */,
				48276ED01F3628AB000817F1 /* UIImage+QRCode.m */,
				48276ED11F3628AB000817F1 /* UIImageView+SDWedImage.h */,
				48276ED21F3628AB000817F1 /* UIImageView+SDWedImage.m */,
				48276ED31F3628AB000817F1 /* UILable+Frame.h */,
				48276ED41F3628AB000817F1 /* UILable+Frame.m */,
				48276ED51F3628AB000817F1 /* UIView+FSExtension.h */,
				48276ED61F3628AB000817F1 /* UIView+FSExtension.m */,
				48276ED71F3628AB000817F1 /* UIView+Size.h */,
				48276ED81F3628AB000817F1 /* UIView+Size.m */,
			);
			path = Tool;
			sourceTree = "<group>";
		};
		48276EE71F36D511000817F1 /* Finished */ = {
			isa = PBXGroup;
			children = (
				F5A15AAA1FFE275200E22C88 /* M */,
				F5A15AAB1FFE275200E22C88 /* V */,
				48276EEF1F36D554000817F1 /* C */,
			);
			path = Finished;
			sourceTree = "<group>";
		};
		48276EE81F36D511000817F1 /* Unfinished */ = {
			isa = PBXGroup;
			children = (
				F53956CB200C807D00E1E1FF /* Other */,
				48276EE91F36D511000817F1 /* C */,
				48276EEA1F36D511000817F1 /* M */,
				48276EEB1F36D511000817F1 /* V */,
			);
			path = Unfinished;
			sourceTree = "<group>";
		};
		48276EE91F36D511000817F1 /* C */ = {
			isa = PBXGroup;
			children = (
				48276F021F36E215000817F1 /* UnfinishiedViewController.h */,
				48276F031F36E215000817F1 /* UnfinishiedViewController.m */,
				48276F041F36E215000817F1 /* UnfinishiedViewController.xib */,
				F51D473C1FBD6C5000718399 /* CreatItemViewController.h */,
				F51D473D1FBD6C5000718399 /* CreatItemViewController.m */,
				F51D473E1FBD6C5000718399 /* CreatItemViewController.xib */,
				F51D474C1FBD7F7600718399 /* CategorySelectViewController.h */,
				F51D474D1FBD7F7600718399 /* CategorySelectViewController.m */,
				F51D474E1FBD7F7600718399 /* CategorySelectViewController.xib */,
				F51D47561FBE817500718399 /* DifficultyCoefficienViewController.h */,
				F51D47571FBE817500718399 /* DifficultyCoefficienViewController.m */,
				F51D47581FBE817500718399 /* DifficultyCoefficienViewController.xib */,
				F5F280C21FBEB8470098B3B7 /* DateSelectViewController.h */,
				F5F280C31FBEB8470098B3B7 /* DateSelectViewController.m */,
				F5F280C41FBEB8470098B3B7 /* DateSelectViewController.xib */,
				F5A15A871FFCBC9200E22C88 /* ActionShowViewController.h */,
				F5A15A881FFCBC9200E22C88 /* ActionShowViewController.m */,
				F5A15A891FFCBC9200E22C88 /* ActionShowViewController.xib */,
				F5A15A941FFDC35000E22C88 /* QiXieXunLianJiRouViewController.h */,
				F5A15A951FFDC35000E22C88 /* QiXieXunLianJiRouViewController.m */,
				F5A15A961FFDC35000E22C88 /* QiXieXunLianJiRouViewController.xib */,
				F5A15A991FFDDAC300E22C88 /* QiuTuActionShowViewController.h */,
				F5A15A9A1FFDDAC300E22C88 /* QiuTuActionShowViewController.m */,
				F5A15A9B1FFDDAC300E22C88 /* QiuTuActionShowViewController.xib */,
				F5A15AA51FFE106800E22C88 /* ReLiangDuiZhaoViewController.h */,
				F5A15AA61FFE106800E22C88 /* ReLiangDuiZhaoViewController.m */,
				F5A15AA71FFE106800E22C88 /* ReLiangDuiZhaoViewController.xib */,
				F53956C3200C5B9700E1E1FF /* TabataJiShiViewController.h */,
				F53956C4200C5B9700E1E1FF /* TabataJiShiViewController.m */,
				F53956C5200C5B9700E1E1FF /* TabataJiShiViewController.xib */,
				F56AAA652010765D00FD7207 /* ZiZhongViewController.h */,
				F56AAA662010765D00FD7207 /* ZiZhongViewController.m */,
				F56AAA672010765D00FD7207 /* ZiZhongViewController.xib */,
			);
			path = C;
			sourceTree = "<group>";
		};
		48276EEA1F36D511000817F1 /* M */ = {
			isa = PBXGroup;
			children = (
				F51D47411FBD6FC000718399 /* NameTableViewCell.h */,
				F51D47421FBD6FC000718399 /* NameTableViewCell.m */,
				F51D47431FBD6FC000718399 /* NameTableViewCell.xib */,
				F51D47471FBD75C400718399 /* CategoryTableViewCell.h */,
				F51D47481FBD75C400718399 /* CategoryTableViewCell.m */,
				F51D47491FBD75C400718399 /* CategoryTableViewCell.xib */,
				F51D47511FBE7B7100718399 /* DifficultyCoefficienTableViewCell.h */,
				F51D47521FBE7B7100718399 /* DifficultyCoefficienTableViewCell.m */,
				F51D47531FBE7B7100718399 /* DifficultyCoefficienTableViewCell.xib */,
				F5F280BD1FBEB6CF0098B3B7 /* DateTableViewCell.h */,
				F5F280BE1FBEB6CF0098B3B7 /* DateTableViewCell.m */,
				F5F280BF1FBEB6CF0098B3B7 /* DateTableViewCell.xib */,
			);
			path = M;
			sourceTree = "<group>";
		};
		48276EEB1F36D511000817F1 /* V */ = {
			isa = PBXGroup;
			children = (
				F53956C9200C802500E1E1FF /* ZRMultipleWaveLoadingView.h */,
				F53956C8200C802500E1E1FF /* ZRMultipleWaveLoadingView.m */,
				F5A15A841FFCAFD400E22C88 /* TargetMuscleTableViewCell.h */,
				F5A15A851FFCAFD400E22C88 /* TargetMuscleTableViewCell.m */,
				F5A15A8C1FFCC03B00E22C88 /* ActionShowTableViewCell.h */,
				F5A15A8D1FFCC03B00E22C88 /* ActionShowTableViewCell.m */,
				F5A15A8E1FFCC03B00E22C88 /* ActionShowTableViewCell.xib */,
				F53956D7200CBCEF00E1E1FF /* XiuXiView.h */,
				F53956D8200CBCEF00E1E1FF /* XiuXiView.m */,
				F56AAA6A201078A400FD7207 /* ZiZhongTableViewCell.h */,
				F56AAA6B201078A400FD7207 /* ZiZhongTableViewCell.m */,
				F56AAA6C201078A400FD7207 /* ZiZhongTableViewCell.xib */,
			);
			path = V;
			sourceTree = "<group>";
		};
		48276EEF1F36D554000817F1 /* C */ = {
			isa = PBXGroup;
			children = (
				48276EFD1F36E1A8000817F1 /* FinishiedViewController.h */,
				48276EFE1F36E1A8000817F1 /* FinishiedViewController.m */,
				48276EFF1F36E1A8000817F1 /* FinishiedViewController.xib */,
			);
			path = C;
			sourceTree = "<group>";
		};
		48276EF51F36D5D1000817F1 /* M */ = {
			isa = PBXGroup;
			children = (
				48276EF61F36D5FD000817F1 /* UserModel.h */,
				48276EF71F36D5FD000817F1 /* UserModel.m */,
			);
			path = M;
			sourceTree = "<group>";
		};
		F53956CB200C807D00E1E1FF /* Other */ = {
			isa = PBXGroup;
			children = (
				F53956CC200C808400E1E1FF /* ZRMultipleWavePathMaker.h */,
				F53956CD200C808400E1E1FF /* ZRMultipleWavePathMaker.m */,
			);
			path = Other;
			sourceTree = "<group>";
		};
		F53956DE200EEE4E00E1E1FF /* ThirdPart */ = {
			isa = PBXGroup;
			children = (
			);
			path = ThirdPart;
			sourceTree = "<group>";
		};
		F5A15AAA1FFE275200E22C88 /* M */ = {
			isa = PBXGroup;
			children = (
				F5A15ABC1FFF6F0000E22C88 /* JiHuaModel.h */,
				F5A15ABD1FFF6F0000E22C88 /* JiHuaModel.m */,
			);
			path = M;
			sourceTree = "<group>";
		};
		F5A15AAB1FFE275200E22C88 /* V */ = {
			isa = PBXGroup;
			children = (
				F5A15AAC1FFE27E400E22C88 /* JiHuaHeaderView.h */,
				F5A15AAD1FFE27E400E22C88 /* JiHuaHeaderView.m */,
				F5A15AAF1FFE373800E22C88 /* FinishiedTableViewCell.h */,
				F5A15AB01FFE373800E22C88 /* FinishiedTableViewCell.m */,
				F5A15AB11FFE373800E22C88 /* FinishiedTableViewCell.xib */,
				F5A15AB41FFF260E00E22C88 /* JiHuaCollectionViewCell.h */,
				F5A15AB51FFF260E00E22C88 /* JiHuaCollectionViewCell.m */,
				F5A15AB61FFF260E00E22C88 /* JiHuaCollectionViewCell.xib */,
			);
			path = V;
			sourceTree = "<group>";
		};
		F6778ED8544E24D261B94B40 /* Pods */ = {
			isa = PBXGroup;
			children = (
				A8AF3FEC0C848404A18BC4B5 /* Pods-PrisonerFitnessRecord.debug.xcconfig */,
				0DBCD8EC553A78772C00983A /* Pods-PrisonerFitnessRecord.release.xcconfig */,
			);
			name = Pods;
			sourceTree = "<group>";
		};
/* End PBXGroup section */

/* Begin PBXNativeTarget section */
		48276E8B1F362613000817F1 /* PrisonerFitnessRecord */ = {
			isa = PBXNativeTarget;
			buildConfigurationList = 48276EA31F362613000817F1 /* Build configuration list for PBXNativeTarget "PrisonerFitnessRecord" */;
			buildPhases = (
				6C28E14834B5893ACC544D11 /* [CP] Check Pods Manifest.lock */,
				48276E881F362613000817F1 /* Sources */,
				48276E891F362613000817F1 /* Frameworks */,
				48276E8A1F362613000817F1 /* Resources */,
				E469899B8497C867DA975345 /* [CP] Embed Pods Frameworks */,
				92B5AB5D7970DDD8A024515B /* [CP] Copy Pods Resources */,
			);
			buildRules = (
			);
			dependencies = (
			);
			name = PrisonerFitnessRecord;
			productName = PrisonerFitnessRecord;
			productReference = 48276E8C1F362613000817F1 /* PrisonerFitnessRecord.app */;
			productType = "com.apple.product-type.application";
		};
/* End PBXNativeTarget section */

/* Begin PBXProject section */
		48276E841F362613000817F1 /* Project object */ = {
			isa = PBXProject;
			attributes = {
				LastUpgradeCheck = 0830;
				ORGANIZATIONNAME = "董永胜";
				TargetAttributes = {
					48276E8B1F362613000817F1 = {
						CreatedOnToolsVersion = 8.3.2;
						DevelopmentTeam = RMQMXATCCW;
						ProvisioningStyle = Automatic;
					};
				};
			};
			buildConfigurationList = 48276E871F362613000817F1 /* Build configuration list for PBXProject "PrisonerFitnessRecord" */;
			compatibilityVersion = "Xcode 3.2";
			developmentRegion = English;
			hasScannedForEncodings = 0;
			knownRegions = (
				en,
				Base,
			);
			mainGroup = 48276E831F362613000817F1;
			productRefGroup = 48276E8D1F362613000817F1 /* Products */;
			projectDirPath = "";
			projectRoot = "";
			targets = (
				48276E8B1F362613000817F1 /* PrisonerFitnessRecord */,
			);
		};
/* End PBXProject section */

/* Begin PBXResourcesBuildPhase section */
		48276E8A1F362613000817F1 /* Resources */ = {
			isa = PBXResourcesBuildPhase;
			buildActionMask = 2147483647;
			files = (
				F5A15AB81FFF260E00E22C88 /* JiHuaCollectionViewCell.xib in Resources */,
				F5A15A9D1FFDDAC300E22C88 /* QiuTuActionShowViewController.xib in Resources */,
				48276F061F36E215000817F1 /* UnfinishiedViewController.xib in Resources */,
				F5A15A8B1FFCBC9200E22C88 /* ActionShowViewController.xib in Resources */,
				F56AAA6E201078A400FD7207 /* ZiZhongTableViewCell.xib in Resources */,
				48276EFC1F36D6DF000817F1 /* Podfile in Resources */,
				F5A15A981FFDC35000E22C88 /* QiXieXunLianJiRouViewController.xib in Resources */,
				48276E9F1F362613000817F1 /* LaunchScreen.storyboard in Resources */,
				F5F280C61FBEB8470098B3B7 /* DateSelectViewController.xib in Resources */,
				F51D474B1FBD75C400718399 /* CategoryTableViewCell.xib in Resources */,
				F5A15AA91FFE106800E22C88 /* ReLiangDuiZhaoViewController.xib in Resources */,
				48276F011F36E1A8000817F1 /* FinishiedViewController.xib in Resources */,
				F5A15AB31FFE373800E22C88 /* FinishiedTableViewCell.xib in Resources */,
				F53956C7200C5B9700E1E1FF /* TabataJiShiViewController.xib in Resources */,
				48276E9C1F362613000817F1 /* Assets.xcassets in Resources */,
				F51D47401FBD6C5000718399 /* CreatItemViewController.xib in Resources */,
				F5F280C11FBEB6CF0098B3B7 /* DateTableViewCell.xib in Resources */,
				F51D47451FBD6FC000718399 /* NameTableViewCell.xib in Resources */,
				F5A15A901FFCC03B00E22C88 /* ActionShowTableViewCell.xib in Resources */,
				F56AAA692010765D00FD7207 /* ZiZhongViewController.xib in Resources */,
				F51D47501FBD7F7600718399 /* CategorySelectViewController.xib in Resources */,
				F51D47551FBE7B7100718399 /* DifficultyCoefficienTableViewCell.xib in Resources */,
				F51D475A1FBE817500718399 /* DifficultyCoefficienViewController.xib in Resources */,
			);
			runOnlyForDeploymentPostprocessing = 0;
		};
/* End PBXResourcesBuildPhase section */

/* Begin PBXShellScriptBuildPhase section */
		6C28E14834B5893ACC544D11 /* [CP] Check Pods Manifest.lock */ = {
			isa = PBXShellScriptBuildPhase;
			buildActionMask = 2147483647;
			files = (
			);
			inputPaths = (
			);
			name = "[CP] Check Pods Manifest.lock";
			outputPaths = (
			);
			runOnlyForDeploymentPostprocessing = 0;
			shellPath = /bin/sh;
			shellScript = "diff \"${PODS_PODFILE_DIR_PATH}/Podfile.lock\" \"${PODS_ROOT}/Manifest.lock\" > /dev/null\nif [ $? != 0 ] ; then\n    # print error to STDERR\n    echo \"error: The sandbox is not in sync with the Podfile.lock. Run 'pod install' or update your CocoaPods installation.\" >&2\n    exit 1\nfi\n";
			showEnvVarsInLog = 0;
		};
		92B5AB5D7970DDD8A024515B /* [CP] Copy Pods Resources */ = {
			isa = PBXShellScriptBuildPhase;
			buildActionMask = 2147483647;
			files = (
			);
			inputPaths = (
			);
			name = "[CP] Copy Pods Resources";
			outputPaths = (
			);
			runOnlyForDeploymentPostprocessing = 0;
			shellPath = /bin/sh;
			shellScript = "\"${SRCROOT}/Pods/Target Support Files/Pods-PrisonerFitnessRecord/Pods-PrisonerFitnessRecord-resources.sh\"\n";
			showEnvVarsInLog = 0;
		};
		E469899B8497C867DA975345 /* [CP] Embed Pods Frameworks */ = {
			isa = PBXShellScriptBuildPhase;
			buildActionMask = 2147483647;
			files = (
			);
			inputPaths = (
			);
			name = "[CP] Embed Pods Frameworks";
			outputPaths = (
			);
			runOnlyForDeploymentPostprocessing = 0;
			shellPath = /bin/sh;
			shellScript = "\"${SRCROOT}/Pods/Target Support Files/Pods-PrisonerFitnessRecord/Pods-PrisonerFitnessRecord-frameworks.sh\"\n";
			showEnvVarsInLog = 0;
		};
/* End PBXShellScriptBuildPhase section */

/* Begin PBXSourcesBuildPhase section */
		48276E881F362613000817F1 /* Sources */ = {
			isa = PBXSourcesBuildPhase;
			buildActionMask = 2147483647;
			files = (
				48276F051F36E215000817F1 /* UnfinishiedViewController.m in Sources */,
				F5F280C01FBEB6CF0098B3B7 /* DateTableViewCell.m in Sources */,
				48276EAF1F3627EF000817F1 /* AppDelegate+Guide.m in Sources */,
				48276EBC1F362868000817F1 /* BaseViewController.m in Sources */,
				F5A15AAE1FFE27E400E22C88 /* JiHuaHeaderView.m in Sources */,
				F53956C6200C5B9700E1E1FF /* TabataJiShiViewController.m in Sources */,
				48276EDA1F3628AB000817F1 /* NSString+Helper.m in Sources */,
				48276EE01F3628AB000817F1 /* UIImage+Helper.m in Sources */,
				48276EDF1F3628AB000817F1 /* UIColor+Extension.m in Sources */,
				F5A15A8A1FFCBC9200E22C88 /* ActionShowViewController.m in Sources */,
				F5A15AB21FFE373800E22C88 /* FinishiedTableViewCell.m in Sources */,
				F5A15A9C1FFDDAC300E22C88 /* QiuTuActionShowViewController.m in Sources */,
				48276EE21F3628AB000817F1 /* UIImageView+SDWedImage.m in Sources */,
				F51D47591FBE817500718399 /* DifficultyCoefficienViewController.m in Sources */,
				F53956CA200C802500E1E1FF /* ZRMultipleWaveLoadingView.m in Sources */,
				F5A15A861FFCAFD400E22C88 /* TargetMuscleTableViewCell.m in Sources */,
				48276EE11F3628AB000817F1 /* UIImage+QRCode.m in Sources */,
				F5A15A9F1FFE0DEC00E22C88 /* MobileNet.mlmodel in Sources */,
				48276E941F362613000817F1 /* AppDelegate.mm in Sources */,
				F53956CE200C808500E1E1FF /* ZRMultipleWavePathMaker.m in Sources */,
				48276EBA1F362868000817F1 /* BaseNavController.m in Sources */,
				48276F001F36E1A8000817F1 /* FinishiedViewController.m in Sources */,
				F53956D1200C80C800E1E1FF /* UIView+GKExtension.m in Sources */,
				48276EF81F36D5FD000817F1 /* UserModel.m in Sources */,
				F51D474F1FBD7F7600718399 /* CategorySelectViewController.m in Sources */,
				F51D47441FBD6FC000718399 /* NameTableViewCell.m in Sources */,
				F5A15A8F1FFCC03B00E22C88 /* ActionShowTableViewCell.m in Sources */,
				F53956D9200CBCEF00E1E1FF /* XiuXiView.m in Sources */,
				48276EDE1F3628AB000817F1 /* UIBarButtonItem+Helper.m in Sources */,
				F56AAA6D201078A400FD7207 /* ZiZhongTableViewCell.m in Sources */,
				F51D47541FBE7B7100718399 /* DifficultyCoefficienTableViewCell.m in Sources */,
				F5A15ABE1FFF6F0000E22C88 /* JiHuaModel.m in Sources */,
				48276EDC1F3628AB000817F1 /* NSString+TimeDate.m in Sources */,
				F5A15A971FFDC35000E22C88 /* QiXieXunLianJiRouViewController.m in Sources */,
				48276EE51F3628AB000817F1 /* UIView+Size.m in Sources */,
				48276EDD1F3628AB000817F1 /* NSTimer+Addition.m in Sources */,
				48276EDB1F3628AB000817F1 /* NSString+JSON.m in Sources */,
				F51D473F1FBD6C5000718399 /* CreatItemViewController.m in Sources */,
				F5F280C51FBEB8470098B3B7 /* DateSelectViewController.m in Sources */,
				F5A15AA81FFE106800E22C88 /* ReLiangDuiZhaoViewController.m in Sources */,
				F51D474A1FBD75C400718399 /* CategoryTableViewCell.m in Sources */,
				48276ED91F3628AB000817F1 /* NSString+FBMD5.m in Sources */,
				48276EE41F3628AB000817F1 /* UIView+FSExtension.m in Sources */,
				F56AAA682010765D00FD7207 /* ZiZhongViewController.m in Sources */,
				48276EE31F3628AB000817F1 /* UILable+Frame.m in Sources */,
				48276EBD1F362868000817F1 /* BaseTarBar.m in Sources */,
				48276E911F362613000817F1 /* main.m in Sources */,
				48276EBB1F362868000817F1 /* BaseTarBarViewController.m in Sources */,
				F5A15AB71FFF260E00E22C88 /* JiHuaCollectionViewCell.m in Sources */,
			);
			runOnlyForDeploymentPostprocessing = 0;
		};
/* End PBXSourcesBuildPhase section */

/* Begin PBXVariantGroup section */
		48276E9D1F362613000817F1 /* LaunchScreen.storyboard */ = {
			isa = PBXVariantGroup;
			children = (
				48276E9E1F362613000817F1 /* Base */,
			);
			name = LaunchScreen.storyboard;
			path = ..;
			sourceTree = "<group>";
		};
/* End PBXVariantGroup section */

/* Begin XCBuildConfiguration section */
		48276EA11F362613000817F1 /* Debug */ = {
			isa = XCBuildConfiguration;
			buildSettings = {
				ALWAYS_SEARCH_USER_PATHS = NO;
				CLANG_ANALYZER_NONNULL = YES;
				CLANG_ANALYZER_NUMBER_OBJECT_CONVERSION = YES_AGGRESSIVE;
				CLANG_CXX_LANGUAGE_STANDARD = "gnu++0x";
				CLANG_CXX_LIBRARY = "libc++";
				CLANG_ENABLE_MODULES = YES;
				CLANG_ENABLE_OBJC_ARC = YES;
				CLANG_WARN_BOOL_CONVERSION = YES;
				CLANG_WARN_CONSTANT_CONVERSION = YES;
				CLANG_WARN_DIRECT_OBJC_ISA_USAGE = YES_ERROR;
				CLANG_WARN_DOCUMENTATION_COMMENTS = YES;
				CLANG_WARN_EMPTY_BODY = YES;
				CLANG_WARN_ENUM_CONVERSION = YES;
				CLANG_WARN_INFINITE_RECURSION = YES;
				CLANG_WARN_INT_CONVERSION = YES;
				CLANG_WARN_OBJC_ROOT_CLASS = YES_ERROR;
				CLANG_WARN_SUSPICIOUS_MOVE = YES;
				CLANG_WARN_UNREACHABLE_CODE = YES;
				CLANG_WARN__DUPLICATE_METHOD_MATCH = YES;
				"CODE_SIGN_IDENTITY[sdk=iphoneos*]" = "iPhone Developer";
				COPY_PHASE_STRIP = NO;
				DEBUG_INFORMATION_FORMAT = dwarf;
				ENABLE_STRICT_OBJC_MSGSEND = YES;
				ENABLE_TESTABILITY = YES;
				GCC_C_LANGUAGE_STANDARD = gnu99;
				GCC_DYNAMIC_NO_PIC = NO;
				GCC_NO_COMMON_BLOCKS = YES;
				GCC_OPTIMIZATION_LEVEL = 0;
				GCC_PREPROCESSOR_DEFINITIONS = (
					"DEBUG=1",
					"$(inherited)",
				);
				GCC_WARN_64_TO_32_BIT_CONVERSION = YES;
				GCC_WARN_ABOUT_RETURN_TYPE = YES_ERROR;
				GCC_WARN_UNDECLARED_SELECTOR = YES;
				GCC_WARN_UNINITIALIZED_AUTOS = YES_AGGRESSIVE;
				GCC_WARN_UNUSED_FUNCTION = YES;
				GCC_WARN_UNUSED_VARIABLE = YES;
				IPHONEOS_DEPLOYMENT_TARGET = 10.3;
				MTL_ENABLE_DEBUG_INFO = YES;
				ONLY_ACTIVE_ARCH = YES;
				SDKROOT = iphoneos;
				TARGETED_DEVICE_FAMILY = "1,2";
			};
			name = Debug;
		};
		48276EA21F362613000817F1 /* Release */ = {
			isa = XCBuildConfiguration;
			buildSettings = {
				ALWAYS_SEARCH_USER_PATHS = NO;
				CLANG_ANALYZER_NONNULL = YES;
				CLANG_ANALYZER_NUMBER_OBJECT_CONVERSION = YES_AGGRESSIVE;
				CLANG_CXX_LANGUAGE_STANDARD = "gnu++0x";
				CLANG_CXX_LIBRARY = "libc++";
				CLANG_ENABLE_MODULES = YES;
				CLANG_ENABLE_OBJC_ARC = YES;
				CLANG_WARN_BOOL_CONVERSION = YES;
				CLANG_WARN_CONSTANT_CONVERSION = YES;
				CLANG_WARN_DIRECT_OBJC_ISA_USAGE = YES_ERROR;
				CLANG_WARN_DOCUMENTATION_COMMENTS = YES;
				CLANG_WARN_EMPTY_BODY = YES;
				CLANG_WARN_ENUM_CONVERSION = YES;
				CLANG_WARN_INFINITE_RECURSION = YES;
				CLANG_WARN_INT_CONVERSION = YES;
				CLANG_WARN_OBJC_ROOT_CLASS = YES_ERROR;
				CLANG_WARN_SUSPICIOUS_MOVE = YES;
				CLANG_WARN_UNREACHABLE_CODE = YES;
				CLANG_WARN__DUPLICATE_METHOD_MATCH = YES;
				"CODE_SIGN_IDENTITY[sdk=iphoneos*]" = "iPhone Developer";
				COPY_PHASE_STRIP = NO;
				DEBUG_INFORMATION_FORMAT = "dwarf-with-dsym";
				ENABLE_NS_ASSERTIONS = NO;
				ENABLE_STRICT_OBJC_MSGSEND = YES;
				GCC_C_LANGUAGE_STANDARD = gnu99;
				GCC_NO_COMMON_BLOCKS = YES;
				GCC_WARN_64_TO_32_BIT_CONVERSION = YES;
				GCC_WARN_ABOUT_RETURN_TYPE = YES_ERROR;
				GCC_WARN_UNDECLARED_SELECTOR = YES;
				GCC_WARN_UNINITIALIZED_AUTOS = YES_AGGRESSIVE;
				GCC_WARN_UNUSED_FUNCTION = YES;
				GCC_WARN_UNUSED_VARIABLE = YES;
				IPHONEOS_DEPLOYMENT_TARGET = 10.3;
				MTL_ENABLE_DEBUG_INFO = NO;
				SDKROOT = iphoneos;
				TARGETED_DEVICE_FAMILY = "1,2";
				VALIDATE_PRODUCT = YES;
			};
			name = Release;
		};
		48276EA41F362613000817F1 /* Debug */ = {
			isa = XCBuildConfiguration;
			baseConfigurationReference = A8AF3FEC0C848404A18BC4B5 /* Pods-PrisonerFitnessRecord.debug.xcconfig */;
			buildSettings = {
				ASSETCATALOG_COMPILER_APPICON_NAME = AppIcon;
				"CODE_SIGN_IDENTITY[sdk=iphoneos*]" = "iPhone Developer";
				CODE_SIGN_STYLE = Automatic;
				DEVELOPMENT_TEAM = RMQMXATCCW;
				INFOPLIST_FILE = PrisonerFitnessRecord/Info.plist;
				IPHONEOS_DEPLOYMENT_TARGET = 11.0;
				LD_RUNPATH_SEARCH_PATHS = "$(inherited) @executable_path/Frameworks";
				LIBRARY_SEARCH_PATHS = (
					"$(inherited)",
					"$(PROJECT_DIR)/PrisonerFitnessRecord/ThirdPart/ai-translate-ios-sdk-v1.4.0",
					"$(PROJECT_DIR)/PrisonerFitnessRecord/ThirdPart/translateSDK",
				);
				OTHER_LDFLAGS = (
					"$(inherited)",
					"-framework",
					"\"AFNetworking\"",
					"-framework",
					"\"FMDB\"",
					"-framework",
					"\"IQKeyboardManager\"",
					"-framework",
					"\"JKDBModel_JDBR\"",
					"-framework",
					"\"MJExtension\"",
					"-framework",
					"\"MJRefresh\"",
					"-framework",
					"\"Masonry\"",
					"-framework",
					"\"SDWebImage\"",
					"-framework",
					"\"SVProgressHUD\"",
					"-framework",
					"\"pop\"",
					"-Objc",
				);
				PRODUCT_BUNDLE_IDENTIFIER = com.dong.P;
				PRODUCT_NAME = "$(TARGET_NAME)";
				PROVISIONING_PROFILE_SPECIFIER = "";
				TARGETED_DEVICE_FAMILY = "1,2";
			};
			name = Debug;
		};
		48276EA51F362613000817F1 /* Release */ = {
			isa = XCBuildConfiguration;
			baseConfigurationReference = 0DBCD8EC553A78772C00983A /* Pods-PrisonerFitnessRecord.release.xcconfig */;
			buildSettings = {
				ASSETCATALOG_COMPILER_APPICON_NAME = AppIcon;
				"CODE_SIGN_IDENTITY[sdk=iphoneos*]" = "iPhone Developer";
				CODE_SIGN_STYLE = Automatic;
				DEVELOPMENT_TEAM = RMQMXATCCW;
				INFOPLIST_FILE = PrisonerFitnessRecord/Info.plist;
				IPHONEOS_DEPLOYMENT_TARGET = 11.0;
				LD_RUNPATH_SEARCH_PATHS = "$(inherited) @executable_path/Frameworks";
				LIBRARY_SEARCH_PATHS = (
					"$(inherited)",
					"$(PROJECT_DIR)/PrisonerFitnessRecord/ThirdPart/ai-translate-ios-sdk-v1.4.0",
					"$(PROJECT_DIR)/PrisonerFitnessRecord/ThirdPart/translateSDK",
				);
				OTHER_LDFLAGS = (
					"$(inherited)",
					"-framework",
					"\"AFNetworking\"",
					"-framework",
					"\"FMDB\"",
					"-framework",
					"\"IQKeyboardManager\"",
					"-framework",
					"\"JKDBModel_JDBR\"",
					"-framework",
					"\"MJExtension\"",
					"-framework",
					"\"MJRefresh\"",
					"-framework",
					"\"Masonry\"",
					"-framework",
					"\"SDWebImage\"",
					"-framework",
					"\"SVProgressHUD\"",
					"-framework",
					"\"pop\"",
					"-Objc",
				);
				PRODUCT_BUNDLE_IDENTIFIER = com.dong.P;
				PRODUCT_NAME = "$(TARGET_NAME)";
				PROVISIONING_PROFILE_SPECIFIER = "";
				TARGETED_DEVICE_FAMILY = "1,2";
			};
			name = Release;
		};
/* End XCBuildConfiguration section */

/* Begin XCConfigurationList section */
		48276E871F362613000817F1 /* Build configuration list for PBXProject "PrisonerFitnessRecord" */ = {
			isa = XCConfigurationList;
			buildConfigurations = (
				48276EA11F362613000817F1 /* Debug */,
				48276EA21F362613000817F1 /* Release */,
			);
			defaultConfigurationIsVisible = 0;
			defaultConfigurationName = Release;
		};
		48276EA31F362613000817F1 /* Build configuration list for PBXNativeTarget "PrisonerFitnessRecord" */ = {
			isa = XCConfigurationList;
			buildConfigurations = (
				48276EA41F362613000817F1 /* Debug */,
				48276EA51F362613000817F1 /* Release */,
			);
			defaultConfigurationIsVisible = 0;
			defaultConfigurationName = Release;
		};
/* End XCConfigurationList section */
	};
	rootObject = 48276E841F362613000817F1 /* Project object */;
}
